
Microsoft Visual Studio Solution File, Format Version 12.00
# Visual Studio Version 17
VisualStudioVersion = 17.14.36811.4 d17.14
MinimumVisualStudioVersion = 10.0.40219.1
Project("{FAE04EC0-301F-11D3-BF4B-00C04F79EFBC}") = "TravelAgencyMVC", "TravelAgencyMVC.csproj", "{7AC53883-1A16-4E1B-AF01-0579F8026224}"
EndProject
Global
	GlobalSection(SolutionConfigurationPlatforms) = preSolution
		Debug|Any CPU = Debug|Any CPU
		Release|Any CPU = Release|Any CPU
	EndGlobalSection
	GlobalSection(ProjectConfigurationPlatforms) = postSolution
		{7AC53883-1A16-4E1B-AF01-0579F8026224}.Debug|Any CPU.ActiveCfg = Debug|Any CPU
		{7AC53883-1A16-4E1B-AF01-0579F8026224}.Debug|Any CPU.Build.0 = Debug|Any CPU
		{7AC53883-1A16-4E1B-AF01-0579F8026224}.Release|Any CPU.ActiveCfg = Release|Any CPU
		{7AC53883-1A16-4E1B-AF01-0579F8026224}.Release|Any CPU.Build.0 = Release|Any CPU
	EndGlobalSection
	GlobalSection(SolutionProperties) = preSolution
		HideSolutionNode = FALSE
	EndGlobalSection
	GlobalSection(ExtensibilityGlobals) = postSolution
		SolutionGuid = {5B36BB18-D67A-4E4F-B535-9CBC78DE8EE0}
	EndGlobalSection
EndGlobal
